
Microsoft Visual Studio Solution File, Format Version 12.00
# Visual Studio Version 17
VisualStudioVersion = 17.5.33627.172
MinimumVisualStudioVersion = 10.0.40219.1
Project("{9A19103F-16F7-4668-BE54-9A1E7A4F7556}") = "CurrencyToText", "CurrencyToText\CurrencyToText.csproj", "{A82E52F4-1531-413A-A8BC-EB351739729A}"
EndProject
Global
	GlobalSection(SolutionConfigurationPlatforms) = preSolution
		Debug|Any CPU = Debug|Any CPU
		Release|Any CPU = Release|Any CPU
	EndGlobalSection
	GlobalSection(ProjectConfigurationPlatforms) = postSolution
		{A82E52F4-1531-413A-A8BC-EB351739729A}.Debug|Any CPU.ActiveCfg = Debug|Any CPU
		{A82E52F4-1531-413A-A8BC-EB351739729A}.Debug|Any CPU.Build.0 = Debug|Any CPU
		{A82E52F4-1531-413A-A8BC-EB351739729A}.Release|Any CPU.ActiveCfg = Release|Any CPU
		{A82E52F4-1531-413A-A8BC-EB351739729A}.Release|Any CPU.Build.0 = Release|Any CPU
	EndGlobalSection
	GlobalSection(SolutionProperties) = preSolution
		HideSolutionNode = FALSE
	EndGlobalSection
	GlobalSection(ExtensibilityGlobals) = postSolution
		SolutionGuid = {875FA275-E49C-4179-B050-151BFC83875E}
	EndGlobalSection
EndGlobal
